
Microsoft Visual Studio Solution File, Format Version 12.00
# Visual Studio 15
Project("{FAE04EC0-301F-11D3-BF4B-00C04F79EFBC}") = "UnityEngine.TestRunner", "UnityEngine.TestRunner.csproj", "{6F48AEBE-0A0D-B23E-7A1E-68BB2F36D3C0}"
EndProject
Project("{FAE04EC0-301F-11D3-BF4B-00C04F79EFBC}") = "Unity.Mathematics", "Unity.Mathematics.csproj", "{ED07DF0E-F02D-ABDD-A6F5-2E9A988B9071}"
EndProject
Project("{FAE04EC0-301F-11D3-BF4B-00C04F79EFBC}") = "Unity.2D.Animation.Triangle.Runtime", "Unity.2D.Animation.Triangle.Runtime.csproj", "{C4ACE4B4-5F8E-6155-A2C3-F8D2F6EBB02C}"
EndProject
Project("{FAE04EC0-301F-11D3-BF4B-00C04F79EFBC}") = "Unity.Timeline", "Unity.Timeline.csproj", "{D053DECD-64D0-D30E-E31F-B2892B3CAA1E}"
EndProject
Project("{FAE04EC0-301F-11D3-BF4B-00C04F79EFBC}") = "UnityEngine.UI", "UnityEngine.UI.csproj", "{70C327D1-E463-DDA9-33AA-427A3E396F7A}"
EndProject
Project("{FAE04EC0-301F-11D3-BF4B-00C04F79EFBC}") = "Unity.TextMeshPro", "Unity.TextMeshPro.csproj", "{A14066B8-5E6E-2A9C-F95B-16FB36A2A215}"
EndProject
Project("{FAE04EC0-301F-11D3-BF4B-00C04F79EFBC}") = "Unity.2D.Animation.Runtime", "Unity.2D.Animation.Runtime.csproj", "{B09326BF-0DE0-E891-9799-5FBAC5C11CC5}"
EndProject
Project("{FAE04EC0-301F-11D3-BF4B-00C04F79EFBC}") = "Unity.2D.IK.Runtime", "Unity.2D.IK.Runtime.csproj", "{7B996680-28D7-2401-ABC2-373B7C6B2AE7}"
EndProject
Project("{FAE04EC0-301F-11D3-BF4B-00C04F79EFBC}") = "Assembly-CSharp", "Assembly-CSharp.csproj", "{78C9E2AE-5BDA-57EC-42D8-74AA13A31622}"
EndProject
Project("{FAE04EC0-301F-11D3-BF4B-00C04F79EFBC}") = "Unity.2D.SpriteShape.Runtime", "Unity.2D.SpriteShape.Runtime.csproj", "{C73ABD3F-3FB6-06EC-5554-1D6FA221FCCD}"
EndProject
Project("{FAE04EC0-301F-11D3-BF4B-00C04F79EFBC}") = "Unity.2D.PixelPerfect", "Unity.2D.PixelPerfect.csproj", "{0BFA59A9-017A-A1AC-2D36-FE6F920A7733}"
EndProject
Project("{FAE04EC0-301F-11D3-BF4B-00C04F79EFBC}") = "Unity.2D.Common.Runtime", "Unity.2D.Common.Runtime.csproj", "{3D28339F-DC9C-6CF1-73E6-6B2AD31E464C}"
EndProject
Project("{FAE04EC0-301F-11D3-BF4B-00C04F79EFBC}") = "Unity.InternalAPIEngineBridge.001", "Unity.InternalAPIEngineBridge.001.csproj", "{3BE46704-6ECD-4D04-8C91-333F584ADAE3}"
EndProject
Project("{FAE04EC0-301F-11D3-BF4B-00C04F79EFBC}") = "UnityEditor.TestRunner", "UnityEditor.TestRunner.csproj", "{4E8C9825-09F5-9501-6CAE-0E417075850E}"
EndProject
Project("{FAE04EC0-301F-11D3-BF4B-00C04F79EFBC}") = "Unity.PlasticSCM.Editor", "Unity.PlasticSCM.Editor.csproj", "{690C6411-E31D-6EDA-2E30-C6A18885C9BA}"
EndProject
Project("{FAE04EC0-301F-11D3-BF4B-00C04F79EFBC}") = "UnityEditor.UI", "UnityEditor.UI.csproj", "{0B58ADFD-EE02-9658-417B-009573814A10}"
EndProject
Project("{FAE04EC0-301F-11D3-BF4B-00C04F79EFBC}") = "Unity.Timeline.Editor", "Unity.Timeline.Editor.csproj", "{8998F14C-5EF5-6E9F-D5E1-EBB4D0CC8DE5}"
EndProject
Project("{FAE04EC0-301F-11D3-BF4B-00C04F79EFBC}") = "Unity.VisualStudio.Editor", "Unity.VisualStudio.Editor.csproj", "{AA3E2D3B-77B0-AB56-8966-7329007A6B10}"
EndProject
Project("{FAE04EC0-301F-11D3-BF4B-00C04F79EFBC}") = "Unity.2D.Psdimporter.Editor", "Unity.2D.Psdimporter.Editor.csproj", "{A6ACC0A1-3FE8-B402-E626-F69E316818AF}"
EndProject
Project("{FAE04EC0-301F-11D3-BF4B-00C04F79EFBC}") = "Unity.2D.Animation.Editor", "Unity.2D.Animation.Editor.csproj", "{5CB11EAF-6518-9104-BD31-2EEF2678DF51}"
EndProject
Project("{FAE04EC0-301F-11D3-BF4B-00C04F79EFBC}") = "Unity.TextMeshPro.Editor", "Unity.TextMeshPro.Editor.csproj", "{FA567B40-C642-D01D-A888-F1F3D3E0C198}"
EndProject
Project("{FAE04EC0-301F-11D3-BF4B-00C04F79EFBC}") = "Unity.2D.SpriteShape.Editor", "Unity.2D.SpriteShape.Editor.csproj", "{4C09B84B-CFF1-3EA2-4730-869CD2ED6E1D}"
EndProject
Project("{FAE04EC0-301F-11D3-BF4B-00C04F79EFBC}") = "Unity.CollabProxy.Editor", "Unity.CollabProxy.Editor.csproj", "{2D5ABDC9-A2AA-A5FC-8106-A0FD00176503}"
EndProject
Project("{FAE04EC0-301F-11D3-BF4B-00C04F79EFBC}") = "PsdPlugin", "PsdPlugin.csproj", "{AD928694-B8BF-383C-848E-C0AA66776E31}"
EndProject
Project("{FAE04EC0-301F-11D3-BF4B-00C04F79EFBC}") = "Unity.2D.Path.Editor", "Unity.2D.Path.Editor.csproj", "{B9A891AC-029D-1CD6-74F7-F03407F88216}"
EndProject
Project("{FAE04EC0-301F-11D3-BF4B-00C04F79EFBC}") = "Unity.Rider.Editor", "Unity.Rider.Editor.csproj", "{A65BDD9B-3B0A-1095-FBFD-CCA6840D77B8}"
EndProject
Project("{FAE04EC0-301F-11D3-BF4B-00C04F79EFBC}") = "Unity.2D.IK.Editor", "Unity.2D.IK.Editor.csproj", "{6EF29C83-D38F-9D69-CA1A-41000FB44908}"
EndProject
Project("{FAE04EC0-301F-11D3-BF4B-00C04F79EFBC}") = "Unity.2D.Sprite.Editor", "Unity.2D.Sprite.Editor.csproj", "{93AC18FB-4D71-48D1-1419-13BD1A0EB3F8}"
EndProject
Project("{FAE04EC0-301F-11D3-BF4B-00C04F79EFBC}") = "Unity.2D.Tilemap.Editor", "Unity.2D.Tilemap.Editor.csproj", "{799F0F07-EB1A-C25B-4275-1CF2BA5863DB}"
EndProject
Project("{FAE04EC0-301F-11D3-BF4B-00C04F79EFBC}") = "Unity.2D.PixelPerfect.Editor", "Unity.2D.PixelPerfect.Editor.csproj", "{A7F165D4-1A7B-3320-5089-E72E8818AD59}"
EndProject
Project("{FAE04EC0-301F-11D3-BF4B-00C04F79EFBC}") = "Unity.VSCode.Editor", "Unity.VSCode.Editor.csproj", "{8185D42D-2C2E-447C-28FE-58006A19D006}"
EndProject
Project("{FAE04EC0-301F-11D3-BF4B-00C04F79EFBC}") = "Unity.2D.Common.Editor", "Unity.2D.Common.Editor.csproj", "{A4AD7001-8A25-B826-FFC6-752B4C71295F}"
EndProject
Project("{FAE04EC0-301F-11D3-BF4B-00C04F79EFBC}") = "Unity.Mathematics.Editor", "Unity.Mathematics.Editor.csproj", "{63917863-019C-5179-CD18-A2DF028182AD}"
EndProject
Project("{FAE04EC0-301F-11D3-BF4B-00C04F79EFBC}") = "Unity.InternalAPIEditorBridge.001", "Unity.InternalAPIEditorBridge.001.csproj", "{5D436B33-61C0-38B5-1832-35A3C105C96F}"
EndProject
Project("{FAE04EC0-301F-11D3-BF4B-00C04F79EFBC}") = "UnityEngine.TestRunner", "UnityEngine.TestRunner.Player.csproj", "{11663F91-FC5F-056A-45D3-D56824C7E0A3}"
EndProject
Project("{FAE04EC0-301F-11D3-BF4B-00C04F79EFBC}") = "Unity.Mathematics", "Unity.Mathematics.Player.csproj", "{61EBA36E-5E22-7882-02AC-EEED30934DAA}"
EndProject
Project("{FAE04EC0-301F-11D3-BF4B-00C04F79EFBC}") = "Unity.2D.Animation.Triangle.Runtime", "Unity.2D.Animation.Triangle.Runtime.Player.csproj", "{E454CDE3-39A8-9348-C85D-96EE14E70BAF}"
EndProject
Project("{FAE04EC0-301F-11D3-BF4B-00C04F79EFBC}") = "Unity.Timeline", "Unity.Timeline.Player.csproj", "{83FB7AC6-E720-F901-21AA-A90031F3D0CA}"
EndProject
Project("{FAE04EC0-301F-11D3-BF4B-00C04F79EFBC}") = "UnityEngine.UI", "UnityEngine.UI.Player.csproj", "{C5660208-DB40-B7B8-E70C-41509FFBEAFB}"
EndProject
Project("{FAE04EC0-301F-11D3-BF4B-00C04F79EFBC}") = "Unity.TextMeshPro", "Unity.TextMeshPro.Player.csproj", "{BED6E098-E608-7848-5AE5-22A2F63A2C3C}"
EndProject
Project("{FAE04EC0-301F-11D3-BF4B-00C04F79EFBC}") = "Unity.2D.Animation.Runtime", "Unity.2D.Animation.Runtime.Player.csproj", "{33AF6776-B2C3-F08F-3A80-885E8E2AECB6}"
EndProject
Project("{FAE04EC0-301F-11D3-BF4B-00C04F79EFBC}") = "Unity.2D.IK.Runtime", "Unity.2D.IK.Runtime.Player.csproj", "{59AF9EBA-CCF0-06AE-173F-B2A9DB506634}"
EndProject
Project("{FAE04EC0-301F-11D3-BF4B-00C04F79EFBC}") = "Assembly-CSharp", "Assembly-CSharp.Player.csproj", "{22C82960-8D22-937B-7BF2-63B0CFACB209}"
EndProject
Project("{FAE04EC0-301F-11D3-BF4B-00C04F79EFBC}") = "Unity.2D.SpriteShape.Runtime", "Unity.2D.SpriteShape.Runtime.Player.csproj", "{9B55BBE0-7E8A-A5A8-BB52-BD83BF9DCAF1}"
EndProject
Project("{FAE04EC0-301F-11D3-BF4B-00C04F79EFBC}") = "Unity.2D.PixelPerfect", "Unity.2D.PixelPerfect.Player.csproj", "{0E96C131-78D3-37D1-218B-D19A255DD432}"
EndProject
Project("{FAE04EC0-301F-11D3-BF4B-00C04F79EFBC}") = "Unity.2D.Common.Runtime", "Unity.2D.Common.Runtime.Player.csproj", "{3EEC6263-1BC0-B333-8E3D-839F359CBBDC}"
EndProject
Project("{FAE04EC0-301F-11D3-BF4B-00C04F79EFBC}") = "Unity.InternalAPIEngineBridge.001", "Unity.InternalAPIEngineBridge.001.Player.csproj", "{2065C49B-C216-4F0D-6DBE-9959F0252AB0}"
EndProject
Global
	GlobalSection(SolutionConfigurationPlatforms) = preSolution
		Debug|Any CPU = Debug|Any CPU
		Release|Any CPU = Release|Any CPU
	EndGlobalSection
	GlobalSection(ProjectConfigurationPlatforms) = postSolution
		{6F48AEBE-0A0D-B23E-7A1E-68BB2F36D3C0}.Debug|Any CPU.ActiveCfg = Debug|Any CPU
		{6F48AEBE-0A0D-B23E-7A1E-68BB2F36D3C0}.Debug|Any CPU.Build.0 = Debug|Any CPU
		{6F48AEBE-0A0D-B23E-7A1E-68BB2F36D3C0}.Release|Any CPU.ActiveCfg = Release|Any CPU
		{6F48AEBE-0A0D-B23E-7A1E-68BB2F36D3C0}.Release|Any CPU.Build.0 = Release|Any CPU
		{ED07DF0E-F02D-ABDD-A6F5-2E9A988B9071}.Debug|Any CPU.ActiveCfg = Debug|Any CPU
		{ED07DF0E-F02D-ABDD-A6F5-2E9A988B9071}.Debug|Any CPU.Build.0 = Debug|Any CPU
		{ED07DF0E-F02D-ABDD-A6F5-2E9A988B9071}.Release|Any CPU.ActiveCfg = Release|Any CPU
		{ED07DF0E-F02D-ABDD-A6F5-2E9A988B9071}.Release|Any CPU.Build.0 = Release|Any CPU
		{C4ACE4B4-5F8E-6155-A2C3-F8D2F6EBB02C}.Debug|Any CPU.ActiveCfg = Debug|Any CPU
		{C4ACE4B4-5F8E-6155-A2C3-F8D2F6EBB02C}.Debug|Any CPU.Build.0 = Debug|Any CPU
		{C4ACE4B4-5F8E-6155-A2C3-F8D2F6EBB02C}.Release|Any CPU.ActiveCfg = Release|Any CPU
		{C4ACE4B4-5F8E-6155-A2C3-F8D2F6EBB02C}.Release|Any CPU.Build.0 = Release|Any CPU
		{D053DECD-64D0-D30E-E31F-B2892B3CAA1E}.Debug|Any CPU.ActiveCfg = Debug|Any CPU
		{D053DECD-64D0-D30E-E31F-B2892B3CAA1E}.Debug|Any CPU.Build.0 = Debug|Any CPU
		{D053DECD-64D0-D30E-E31F-B2892B3CAA1E}.Release|Any CPU.ActiveCfg = Release|Any CPU
		{D053DECD-64D0-D30E-E31F-B2892B3CAA1E}.Release|Any CPU.Build.0 = Release|Any CPU
		{70C327D1-E463-DDA9-33AA-427A3E396F7A}.Debug|Any CPU.ActiveCfg = Debug|Any CPU
		{70C327D1-E463-DDA9-33AA-427A3E396F7A}.Debug|Any CPU.Build.0 = Debug|Any CPU
		{70C327D1-E463-DDA9-33AA-427A3E396F7A}.Release|Any CPU.ActiveCfg = Release|Any CPU
		{70C327D1-E463-DDA9-33AA-427A3E396F7A}.Release|Any CPU.Build.0 = Release|Any CPU
		{A14066B8-5E6E-2A9C-F95B-16FB36A2A215}.Debug|Any CPU.ActiveCfg = Debug|Any CPU
		{A14066B8-5E6E-2A9C-F95B-16FB36A2A215}.Debug|Any CPU.Build.0 = Debug|Any CPU
		{A14066B8-5E6E-2A9C-F95B-16FB36A2A215}.Release|Any CPU.ActiveCfg = Release|Any CPU
		{A14066B8-5E6E-2A9C-F95B-16FB36A2A215}.Release|Any CPU.Build.0 = Release|Any CPU
		{B09326BF-0DE0-E891-9799-5FBAC5C11CC5}.Debug|Any CPU.ActiveCfg = Debug|Any CPU
		{B09326BF-0DE0-E891-9799-5FBAC5C11CC5}.Debug|Any CPU.Build.0 = Debug|Any CPU
		{B09326BF-0DE0-E891-9799-5FBAC5C11CC5}.Release|Any CPU.ActiveCfg = Release|Any CPU
		{B09326BF-0DE0-E891-9799-5FBAC5C11CC5}.Release|Any CPU.Build.0 = Release|Any CPU
		{7B996680-28D7-2401-ABC2-373B7C6B2AE7}.Debug|Any CPU.ActiveCfg = Debug|Any CPU
		{7B996680-28D7-2401-ABC2-373B7C6B2AE7}.Debug|Any CPU.Build.0 = Debug|Any CPU
		{7B996680-28D7-2401-ABC2-373B7C6B2AE7}.Release|Any CPU.ActiveCfg = Release|Any CPU
		{7B996680-28D7-2401-ABC2-373B7C6B2AE7}.Release|Any CPU.Build.0 = Release|Any CPU
		{78C9E2AE-5BDA-57EC-42D8-74AA13A31622}.Debug|Any CPU.ActiveCfg = Debug|Any CPU
		{78C9E2AE-5BDA-57EC-42D8-74AA13A31622}.Debug|Any CPU.Build.0 = Debug|Any CPU
		{78C9E2AE-5BDA-57EC-42D8-74AA13A31622}.Release|Any CPU.ActiveCfg = Release|Any CPU
		{78C9E2AE-5BDA-57EC-42D8-74AA13A31622}.Release|Any CPU.Build.0 = Release|Any CPU
		{C73ABD3F-3FB6-06EC-5554-1D6FA221FCCD}.Debug|Any CPU.ActiveCfg = Debug|Any CPU
		{C73ABD3F-3FB6-06EC-5554-1D6FA221FCCD}.Debug|Any CPU.Build.0 = Debug|Any CPU
		{C73ABD3F-3FB6-06EC-5554-1D6FA221FCCD}.Release|Any CPU.ActiveCfg = Release|Any CPU
		{C73ABD3F-3FB6-06EC-5554-1D6FA221FCCD}.Release|Any CPU.Build.0 = Release|Any CPU
		{0BFA59A9-017A-A1AC-2D36-FE6F920A7733}.Debug|Any CPU.ActiveCfg = Debug|Any CPU
		{0BFA59A9-017A-A1AC-2D36-FE6F920A7733}.Debug|Any CPU.Build.0 = Debug|Any CPU
		{0BFA59A9-017A-A1AC-2D36-FE6F920A7733}.Release|Any CPU.ActiveCfg = Release|Any CPU
		{0BFA59A9-017A-A1AC-2D36-FE6F920A7733}.Release|Any CPU.Build.0 = Release|Any CPU
		{3D28339F-DC9C-6CF1-73E6-6B2AD31E464C}.Debug|Any CPU.ActiveCfg = Debug|Any CPU
		{3D28339F-DC9C-6CF1-73E6-6B2AD31E464C}.Debug|Any CPU.Build.0 = Debug|Any CPU
		{3D28339F-DC9C-6CF1-73E6-6B2AD31E464C}.Release|Any CPU.ActiveCfg = Release|Any CPU
		{3D28339F-DC9C-6CF1-73E6-6B2AD31E464C}.Release|Any CPU.Build.0 = Release|Any CPU
		{3BE46704-6ECD-4D04-8C91-333F584ADAE3}.Debug|Any CPU.ActiveCfg = Debug|Any CPU
		{3BE46704-6ECD-4D04-8C91-333F584ADAE3}.Debug|Any CPU.Build.0 = Debug|Any CPU
		{3BE46704-6ECD-4D04-8C91-333F584ADAE3}.Release|Any CPU.ActiveCfg = Release|Any CPU
		{3BE46704-6ECD-4D04-8C91-333F584ADAE3}.Release|Any CPU.Build.0 = Release|Any CPU
		{4E8C9825-09F5-9501-6CAE-0E417075850E}.Debug|Any CPU.ActiveCfg = Debug|Any CPU
		{4E8C9825-09F5-9501-6CAE-0E417075850E}.Debug|Any CPU.Build.0 = Debug|Any CPU
		{4E8C9825-09F5-9501-6CAE-0E417075850E}.Release|Any CPU.ActiveCfg = Release|Any CPU
		{4E8C9825-09F5-9501-6CAE-0E417075850E}.Release|Any CPU.Build.0 = Release|Any CPU
		{690C6411-E31D-6EDA-2E30-C6A18885C9BA}.Debug|Any CPU.ActiveCfg = Debug|Any CPU
		{690C6411-E31D-6EDA-2E30-C6A18885C9BA}.Debug|Any CPU.Build.0 = Debug|Any CPU
		{690C6411-E31D-6EDA-2E30-C6A18885C9BA}.Release|Any CPU.ActiveCfg = Release|Any CPU
		{690C6411-E31D-6EDA-2E30-C6A18885C9BA}.Release|Any CPU.Build.0 = Release|Any CPU
		{0B58ADFD-EE02-9658-417B-009573814A10}.Debug|Any CPU.ActiveCfg = Debug|Any CPU
		{0B58ADFD-EE02-9658-417B-009573814A10}.Debug|Any CPU.Build.0 = Debug|Any CPU
		{0B58ADFD-EE02-9658-417B-009573814A10}.Release|Any CPU.ActiveCfg = Release|Any CPU
		{0B58ADFD-EE02-9658-417B-009573814A10}.Release|Any CPU.Build.0 = Release|Any CPU
		{8998F14C-5EF5-6E9F-D5E1-EBB4D0CC8DE5}.Debug|Any CPU.ActiveCfg = Debug|Any CPU
		{8998F14C-5EF5-6E9F-D5E1-EBB4D0CC8DE5}.Debug|Any CPU.Build.0 = Debug|Any CPU
		{8998F14C-5EF5-6E9F-D5E1-EBB4D0CC8DE5}.Release|Any CPU.ActiveCfg = Release|Any CPU
		{8998F14C-5EF5-6E9F-D5E1-EBB4D0CC8DE5}.Release|Any CPU.Build.0 = Release|Any CPU
		{AA3E2D3B-77B0-AB56-8966-7329007A6B10}.Debug|Any CPU.ActiveCfg = Debug|Any CPU
		{AA3E2D3B-77B0-AB56-8966-7329007A6B10}.Debug|Any CPU.Build.0 = Debug|Any CPU
		{AA3E2D3B-77B0-AB56-8966-7329007A6B10}.Release|Any CPU.ActiveCfg = Release|Any CPU
		{AA3E2D3B-77B0-AB56-8966-7329007A6B10}.Release|Any CPU.Build.0 = Release|Any CPU
		{A6ACC0A1-3FE8-B402-E626-F69E316818AF}.Debug|Any CPU.ActiveCfg = Debug|Any CPU
		{A6ACC0A1-3FE8-B402-E626-F69E316818AF}.Debug|Any CPU.Build.0 = Debug|Any CPU
		{A6ACC0A1-3FE8-B402-E626-F69E316818AF}.Release|Any CPU.ActiveCfg = Release|Any CPU
		{A6ACC0A1-3FE8-B402-E626-F69E316818AF}.Release|Any CPU.Build.0 = Release|Any CPU
		{5CB11EAF-6518-9104-BD31-2EEF2678DF51}.Debug|Any CPU.ActiveCfg = Debug|Any CPU
		{5CB11EAF-6518-9104-BD31-2EEF2678DF51}.Debug|Any CPU.Build.0 = Debug|Any CPU
		{5CB11EAF-6518-9104-BD31-2EEF2678DF51}.Release|Any CPU.ActiveCfg = Release|Any CPU
		{5CB11EAF-6518-9104-BD31-2EEF2678DF51}.Release|Any CPU.Build.0 = Release|Any CPU
		{FA567B40-C642-D01D-A888-F1F3D3E0C198}.Debug|Any CPU.ActiveCfg = Debug|Any CPU
		{FA567B40-C642-D01D-A888-F1F3D3E0C198}.Debug|Any CPU.Build.0 = Debug|Any CPU
		{FA567B40-C642-D01D-A888-F1F3D3E0C198}.Release|Any CPU.ActiveCfg = Release|Any CPU
		{FA567B40-C642-D01D-A888-F1F3D3E0C198}.Release|Any CPU.Build.0 = Release|Any CPU
		{4C09B84B-CFF1-3EA2-4730-869CD2ED6E1D}.Debug|Any CPU.ActiveCfg = Debug|Any CPU
		{4C09B84B-CFF1-3EA2-4730-869CD2ED6E1D}.Debug|Any CPU.Build.0 = Debug|Any CPU
		{4C09B84B-CFF1-3EA2-4730-869CD2ED6E1D}.Release|Any CPU.ActiveCfg = Release|Any CPU
		{4C09B84B-CFF1-3EA2-4730-869CD2ED6E1D}.Release|Any CPU.Build.0 = Release|Any CPU
		{2D5ABDC9-A2AA-A5FC-8106-A0FD00176503}.Debug|Any CPU.ActiveCfg = Debug|Any CPU
		{2D5ABDC9-A2AA-A5FC-8106-A0FD00176503}.Debug|Any CPU.Build.0 = Debug|Any CPU
		{2D5ABDC9-A2AA-A5FC-8106-A0FD00176503}.Release|Any CPU.ActiveCfg = Release|Any CPU
		{2D5ABDC9-A2AA-A5FC-8106-A0FD00176503}.Release|Any CPU.Build.0 = Release|Any CPU
		{AD928694-B8BF-383C-848E-C0AA66776E31}.Debug|Any CPU.ActiveCfg = Debug|Any CPU
		{AD928694-B8BF-383C-848E-C0AA66776E31}.Debug|Any CPU.Build.0 = Debug|Any CPU
		{AD928694-B8BF-383C-848E-C0AA66776E31}.Release|Any CPU.ActiveCfg = Release|Any CPU
		{AD928694-B8BF-383C-848E-C0AA66776E31}.Release|Any CPU.Build.0 = Release|Any CPU
		{B9A891AC-029D-1CD6-74F7-F03407F88216}.Debug|Any CPU.ActiveCfg = Debug|Any CPU
		{B9A891AC-029D-1CD6-74F7-F03407F88216}.Debug|Any CPU.Build.0 = Debug|Any CPU
		{B9A891AC-029D-1CD6-74F7-F03407F88216}.Release|Any CPU.ActiveCfg = Release|Any CPU
		{B9A891AC-029D-1CD6-74F7-F03407F88216}.Release|Any CPU.Build.0 = Release|Any CPU
		{A65BDD9B-3B0A-1095-FBFD-CCA6840D77B8}.Debug|Any CPU.ActiveCfg = Debug|Any CPU
		{A65BDD9B-3B0A-1095-FBFD-CCA6840D77B8}.Debug|Any CPU.Build.0 = Debug|Any CPU
		{A65BDD9B-3B0A-1095-FBFD-CCA6840D77B8}.Release|Any CPU.ActiveCfg = Release|Any CPU
		{A65BDD9B-3B0A-1095-FBFD-CCA6840D77B8}.Release|Any CPU.Build.0 = Release|Any CPU
		{6EF29C83-D38F-9D69-CA1A-41000FB44908}.Debug|Any CPU.ActiveCfg = Debug|Any CPU
		{6EF29C83-D38F-9D69-CA1A-41000FB44908}.Debug|Any CPU.Build.0 = Debug|Any CPU
		{6EF29C83-D38F-9D69-CA1A-41000FB44908}.Release|Any CPU.ActiveCfg = Release|Any CPU
		{6EF29C83-D38F-9D69-CA1A-41000FB44908}.Release|Any CPU.Build.0 = Release|Any CPU
		{93AC18FB-4D71-48D1-1419-13BD1A0EB3F8}.Debug|Any CPU.ActiveCfg = Debug|Any CPU
		{93AC18FB-4D71-48D1-1419-13BD1A0EB3F8}.Debug|Any CPU.Build.0 = Debug|Any CPU
		{93AC18FB-4D71-48D1-1419-13BD1A0EB3F8}.Release|Any CPU.ActiveCfg = Release|Any CPU
		{93AC18FB-4D71-48D1-1419-13BD1A0EB3F8}.Release|Any CPU.Build.0 = Release|Any CPU
		{799F0F07-EB1A-C25B-4275-1CF2BA5863DB}.Debug|Any CPU.ActiveCfg = Debug|Any CPU
		{799F0F07-EB1A-C25B-4275-1CF2BA5863DB}.Debug|Any CPU.Build.0 = Debug|Any CPU
		{799F0F07-EB1A-C25B-4275-1CF2BA5863DB}.Release|Any CPU.ActiveCfg = Release|Any CPU
		{799F0F07-EB1A-C25B-4275-1CF2BA5863DB}.Release|Any CPU.Build.0 = Release|Any CPU
		{A7F165D4-1A7B-3320-5089-E72E8818AD59}.Debug|Any CPU.ActiveCfg = Debug|Any CPU
		{A7F165D4-1A7B-3320-5089-E72E8818AD59}.Debug|Any CPU.Build.0 = Debug|Any CPU
		{A7F165D4-1A7B-3320-5089-E72E8818AD59}.Release|Any CPU.ActiveCfg = Release|Any CPU
		{A7F165D4-1A7B-3320-5089-E72E8818AD59}.Release|Any CPU.Build.0 = Release|Any CPU
		{8185D42D-2C2E-447C-28FE-58006A19D006}.Debug|Any CPU.ActiveCfg = Debug|Any CPU
		{8185D42D-2C2E-447C-28FE-58006A19D006}.Debug|Any CPU.Build.0 = Debug|Any CPU
		{8185D42D-2C2E-447C-28FE-58006A19D006}.Release|Any CPU.ActiveCfg = Release|Any CPU
		{8185D42D-2C2E-447C-28FE-58006A19D006}.Release|Any CPU.Build.0 = Release|Any CPU
		{A4AD7001-8A25-B826-FFC6-752B4C71295F}.Debug|Any CPU.ActiveCfg = Debug|Any CPU
		{A4AD7001-8A25-B826-FFC6-752B4C71295F}.Debug|Any CPU.Build.0 = Debug|Any CPU
		{A4AD7001-8A25-B826-FFC6-752B4C71295F}.Release|Any CPU.ActiveCfg = Release|Any CPU
		{A4AD7001-8A25-B826-FFC6-752B4C71295F}.Release|Any CPU.Build.0 = Release|Any CPU
		{63917863-019C-5179-CD18-A2DF028182AD}.Debug|Any CPU.ActiveCfg = Debug|Any CPU
		{63917863-019C-5179-CD18-A2DF028182AD}.Debug|Any CPU.Build.0 = Debug|Any CPU
		{63917863-019C-5179-CD18-A2DF028182AD}.Release|Any CPU.ActiveCfg = Release|Any CPU
		{63917863-019C-5179-CD18-A2DF028182AD}.Release|Any CPU.Build.0 = Release|Any CPU
		{5D436B33-61C0-38B5-1832-35A3C105C96F}.Debug|Any CPU.ActiveCfg = Debug|Any CPU
		{5D436B33-61C0-38B5-1832-35A3C105C96F}.Debug|Any CPU.Build.0 = Debug|Any CPU
		{5D436B33-61C0-38B5-1832-35A3C105C96F}.Release|Any CPU.ActiveCfg = Release|Any CPU
		{5D436B33-61C0-38B5-1832-35A3C105C96F}.Release|Any CPU.Build.0 = Release|Any CPU
		{11663F91-FC5F-056A-45D3-D56824C7E0A3}.Debug|Any CPU.ActiveCfg = Debug|Any CPU
		{11663F91-FC5F-056A-45D3-D56824C7E0A3}.Debug|Any CPU.Build.0 = Debug|Any CPU
		{11663F91-FC5F-056A-45D3-D56824C7E0A3}.Release|Any CPU.ActiveCfg = Release|Any CPU
		{11663F91-FC5F-056A-45D3-D56824C7E0A3}.Release|Any CPU.Build.0 = Release|Any CPU
		{61EBA36E-5E22-7882-02AC-EEED30934DAA}.Debug|Any CPU.ActiveCfg = Debug|Any CPU
		{61EBA36E-5E22-7882-02AC-EEED30934DAA}.Debug|Any CPU.Build.0 = Debug|Any CPU
		{61EBA36E-5E22-7882-02AC-EEED30934DAA}.Release|Any CPU.ActiveCfg = Release|Any CPU
		{61EBA36E-5E22-7882-02AC-EEED30934DAA}.Release|Any CPU.Build.0 = Release|Any CPU
		{E454CDE3-39A8-9348-C85D-96EE14E70BAF}.Debug|Any CPU.ActiveCfg = Debug|Any CPU
		{E454CDE3-39A8-9348-C85D-96EE14E70BAF}.Debug|Any CPU.Build.0 = Debug|Any CPU
		{E454CDE3-39A8-9348-C85D-96EE14E70BAF}.Release|Any CPU.ActiveCfg = Release|Any CPU
		{E454CDE3-39A8-9348-C85D-96EE14E70BAF}.Release|Any CPU.Build.0 = Release|Any CPU
		{83FB7AC6-E720-F901-21AA-A90031F3D0CA}.Debug|Any CPU.ActiveCfg = Debug|Any CPU
		{83FB7AC6-E720-F901-21AA-A90031F3D0CA}.Debug|Any CPU.Build.0 = Debug|Any CPU
		{83FB7AC6-E720-F901-21AA-A90031F3D0CA}.Release|Any CPU.ActiveCfg = Release|Any CPU
		{83FB7AC6-E720-F901-21AA-A90031F3D0CA}.Release|Any CPU.Build.0 = Release|Any CPU
		{C5660208-DB40-B7B8-E70C-41509FFBEAFB}.Debug|Any CPU.ActiveCfg = Debug|Any CPU
		{C5660208-DB40-B7B8-E70C-41509FFBEAFB}.Debug|Any CPU.Build.0 = Debug|Any CPU
		{C5660208-DB40-B7B8-E70C-41509FFBEAFB}.Release|Any CPU.ActiveCfg = Release|Any CPU
		{C5660208-DB40-B7B8-E70C-41509FFBEAFB}.Release|Any CPU.Build.0 = Release|Any CPU
		{BED6E098-E608-7848-5AE5-22A2F63A2C3C}.Debug|Any CPU.ActiveCfg = Debug|Any CPU
		{BED6E098-E608-7848-5AE5-22A2F63A2C3C}.Debug|Any CPU.Build.0 = Debug|Any CPU
		{BED6E098-E608-7848-5AE5-22A2F63A2C3C}.Release|Any CPU.ActiveCfg = Release|Any CPU
		{BED6E098-E608-7848-5AE5-22A2F63A2C3C}.Release|Any CPU.Build.0 = Release|Any CPU
		{33AF6776-B2C3-F08F-3A80-885E8E2AECB6}.Debug|Any CPU.ActiveCfg = Debug|Any CPU
		{33AF6776-B2C3-F08F-3A80-885E8E2AECB6}.Debug|Any CPU.Build.0 = Debug|Any CPU
		{33AF6776-B2C3-F08F-3A80-885E8E2AECB6}.Release|Any CPU.ActiveCfg = Release|Any CPU
		{33AF6776-B2C3-F08F-3A80-885E8E2AECB6}.Release|Any CPU.Build.0 = Release|Any CPU
		{59AF9EBA-CCF0-06AE-173F-B2A9DB506634}.Debug|Any CPU.ActiveCfg = Debug|Any CPU
		{59AF9EBA-CCF0-06AE-173F-B2A9DB506634}.Debug|Any CPU.Build.0 = Debug|Any CPU
		{59AF9EBA-CCF0-06AE-173F-B2A9DB506634}.Release|Any CPU.ActiveCfg = Release|Any CPU
		{59AF9EBA-CCF0-06AE-173F-B2A9DB506634}.Release|Any CPU.Build.0 = Release|Any CPU
		{22C82960-8D22-937B-7BF2-63B0CFACB209}.Debug|Any CPU.ActiveCfg = Debug|Any CPU
		{22C82960-8D22-937B-7BF2-63B0CFACB209}.Debug|Any CPU.Build.0 = Debug|Any CPU
		{22C82960-8D22-937B-7BF2-63B0CFACB209}.Release|Any CPU.ActiveCfg = Release|Any CPU
		{22C82960-8D22-937B-7BF2-63B0CFACB209}.Release|Any CPU.Build.0 = Release|Any CPU
		{9B55BBE0-7E8A-A5A8-BB52-BD83BF9DCAF1}.Debug|Any CPU.ActiveCfg = Debug|Any CPU
		{9B55BBE0-7E8A-A5A8-BB52-BD83BF9DCAF1}.Debug|Any CPU.Build.0 = Debug|Any CPU
		{9B55BBE0-7E8A-A5A8-BB52-BD83BF9DCAF1}.Release|Any CPU.ActiveCfg = Release|Any CPU
		{9B55BBE0-7E8A-A5A8-BB52-BD83BF9DCAF1}.Release|Any CPU.Build.0 = Release|Any CPU
		{0E96C131-78D3-37D1-218B-D19A255DD432}.Debug|Any CPU.ActiveCfg = Debug|Any CPU
		{0E96C131-78D3-37D1-218B-D19A255DD432}.Debug|Any CPU.Build.0 = Debug|Any CPU
		{0E96C131-78D3-37D1-218B-D19A255DD432}.Release|Any CPU.ActiveCfg = Release|Any CPU
		{0E96C131-78D3-37D1-218B-D19A255DD432}.Release|Any CPU.Build.0 = Release|Any CPU
		{3EEC6263-1BC0-B333-8E3D-839F359CBBDC}.Debug|Any CPU.ActiveCfg = Debug|Any CPU
		{3EEC6263-1BC0-B333-8E3D-839F359CBBDC}.Debug|Any CPU.Build.0 = Debug|Any CPU
		{3EEC6263-1BC0-B333-8E3D-839F359CBBDC}.Release|Any CPU.ActiveCfg = Release|Any CPU
		{3EEC6263-1BC0-B333-8E3D-839F359CBBDC}.Release|Any CPU.Build.0 = Release|Any CPU
		{2065C49B-C216-4F0D-6DBE-9959F0252AB0}.Debug|Any CPU.ActiveCfg = Debug|Any CPU
		{2065C49B-C216-4F0D-6DBE-9959F0252AB0}.Debug|Any CPU.Build.0 = Debug|Any CPU
		{2065C49B-C216-4F0D-6DBE-9959F0252AB0}.Release|Any CPU.ActiveCfg = Release|Any CPU
		{2065C49B-C216-4F0D-6DBE-9959F0252AB0}.Release|Any CPU.Build.0 = Release|Any CPU
	EndGlobalSection
	GlobalSection(SolutionProperties) = preSolution
		HideSolutionNode = FALSE
	EndGlobalSection
EndGlobal
